<?xml version="1.0" encoding="UTF-8"?>
<Scheme
   LastUpgradeVersion = "0640"
   version = "1.3">
   <BuildAction
      parallelizeBuildables = "YES"
      buildImplicitDependencies = "YES">
      <BuildActionEntries>
         <BuildActionEntry
            buildForTesting = "YES"
            buildForRunning = "YES"
            buildForProfiling = "YES"
            buildForArchiving = "YES"
            buildForAnalyzing = "YES">
            <BuildableReference
               BuildableIdentifier = "primary"
               BlueprintIdentifier = "96D9569E1B68B8C800EDB031"
               BuildableName = "ImageRotate WatchKit App.app"
               BlueprintName = "ImageRotate WatchKit App"
               ReferencedContainer = "container:ImageRotate.xcodeproj">
            </BuildableReference>
         </BuildActionEntry>
         <BuildActionEntry
            buildForTesting = "YES"
            buildForRunning = "YES"
            buildForProfiling = "YES"
            buildForArchiving = "YES"
            buildForAnalyzing = "YES">
            <BuildableReference
               BuildableIdentifier = "primary"
               BlueprintIdentifier = "96D9568F1B68B8C800EDB031"
               BuildableName = "ImageRotate WatchKit Extension.appex"
               BlueprintName = "ImageRotate WatchKit Extension"
               ReferencedContainer = "container:ImageRotate.xcodeproj">
            </BuildableReference>
         </BuildActionEntry>
         <BuildActionEntry
            buildForTesting = "YES"
            buildForRunning = "YES"
            buildForProfiling = "YES"
            buildForArchiving = "YES"
            buildForAnalyzing = "YES">
            <BuildableReference
               BuildableIdentifier = "primary"
               BlueprintIdentifier = "96EA5F4F1B68833200D92DE0"
               BuildableName = "ImageRotate.app"
               BlueprintName = "ImageRotate"
               ReferencedContainer = "container:ImageRotate.xcodeproj">
            </BuildableReference>
         </BuildActionEntry>
      </BuildActionEntries>
   </BuildAction>
   <TestAction
      selectedDebuggerIdentifier = "Xcode.DebuggerFoundation.Debugger.LLDB"
      selectedLauncherIdentifier = "Xcode.DebuggerFoundation.Launcher.LLDB"
      shouldUseLaunchSchemeArgsEnv = "YES"
      buildConfiguration = "Debug">
      <Testables>
      </Testables>
      <MacroExpansion>
         <BuildableReference
            BuildableIdentifier = "primary"
            BlueprintIdentifier = "96D9569E1B68B8C800EDB031"
            BuildableName = "ImageRotate WatchKit App.app"
            BlueprintName = "ImageRotate WatchKit App"
            ReferencedContainer = "container:ImageRotate.xcodeproj">
         </BuildableReference>
      </MacroExpansion>
   </TestAction>
   <LaunchAction
      selectedDebuggerIdentifier = "Xcode.DebuggerFoundation.Debugger.LLDB"
      selectedLauncherIdentifier = "Xcode.DebuggerFoundation.Launcher.LLDB"
      launchStyle = "0"
      useCustomWorkingDirectory = "NO"
      buildConfiguration = "Debug"
      ignoresPersistentStateOnLaunch = "NO"
      debugDocumentVersioning = "YES"
      allowLocationSimulation = "YES"
      notificationPayloadFile = "ImageRotate WatchKit Extension/PushNotificationPayload.apns">
      <RemoteRunnable
         runnableDebuggingMode = "2"
         BundleIdentifier = "com.apple.springboard"
         RemotePath = "/ImageRotate">
         <BuildableReference
            BuildableIdentifier = "primary"
            BlueprintIdentifier = "96D9569E1B68B8C800EDB031"
            BuildableName = "ImageRotate WatchKit App.app"
            BlueprintName = "ImageRotate WatchKit App"
            ReferencedContainer = "container:ImageRotate.xcodeproj">
         </BuildableReference>
      </RemoteRunnable>
      <MacroExpansion>
         <BuildableReference
            BuildableIdentifier = "primary"
            BlueprintIdentifier = "96D9569E1B68B8C800EDB031"
            BuildableName = "ImageRotate WatchKit App.app"
            BlueprintName = "ImageRotate WatchKit App"
            ReferencedContainer = "container:ImageRotate.xcodeproj">
         </BuildableReference>
      </MacroExpansion>
      <AdditionalOptions>
      </AdditionalOptions>
   </LaunchAction>
   <ProfileAction
      shouldUseLaunchSchemeArgsEnv = "YES"
      savedToolIdentifier = ""
      useCustomWorkingDirectory = "NO"
      buildConfiguration = "Release"
      debugDocumentVersioning = "YES">
      <RemoteRunnable
         runnableDebuggingMode = "2"
         BundleIdentifier = "com.apple.springboard"
         RemotePath = "/ImageRotate">
         <BuildableReference
            BuildableIdentifier = "primary"
            BlueprintIdentifier = "96D9569E1B68B8C800EDB031"
            BuildableName = "ImageRotate WatchKit App.app"
            BlueprintName = "ImageRotate WatchKit App"
            ReferencedContainer = "container:ImageRotate.xcodeproj">
         </BuildableReference>
      </RemoteRunnable>
      <MacroExpansion>
         <BuildableReference
            BuildableIdentifier = "primary"
            BlueprintIdentifier = "96D9569E1B68B8C800EDB031"
            BuildableName = "ImageRotate WatchKit App.app"
            BlueprintName = "ImageRotate WatchKit App"
            ReferencedContainer = "container:ImageRotate.xcodeproj">
         </BuildableReference>
      </MacroExpansion>
   </ProfileAction>
   <AnalyzeAction
      buildConfiguration = "Debug">
   </AnalyzeAction>
   <ArchiveAction
      buildConfiguration = "Release"
      revealArchiveInOrganizer = "YES">
   </ArchiveAction>
</Scheme>
