// !$*UTF8*$!
{
	archiveVersion = 1;
	classes = {
	};
	objectVersion = 46;
	objects = {

/* Begin PBXBuildFile section */
		968A3FD11B68B3A300452D80 /* Localizable.strings in Resources */ = {isa = PBXBuildFile; fileRef = 968A3FD31B68B3A300452D80 /* Localizable.strings */; };
		96D956861B68B4BC00EDB031 /* InfoPlist.strings in Resources */ = {isa = PBXBuildFile; fileRef = 96D956881B68B4BC00EDB031 /* InfoPlist.strings */; };
		96D9568B1B68B6FE00EDB031 /* Default-568h@2x.png in Resources */ = {isa = PBXBuildFile; fileRef = 96D9568A1B68B6FE00EDB031 /* Default-568h@2x.png */; };
		96EA5F561B68833200D92DE0 /* main.m in Sources */ = {isa = PBXBuildFile; fileRef = 96EA5F551B68833200D92DE0 /* main.m */; };
		96EA5F591B68833200D92DE0 /* AppDelegate.m in Sources */ = {isa = PBXBuildFile; fileRef = 96EA5F581B68833200D92DE0 /* AppDelegate.m */; };
		96EA5F701B68833200D92DE0 /* ImageRotateTests.m in Sources */ = {isa = PBXBuildFile; fileRef = 96EA5F6F1B68833200D92DE0 /* ImageRotateTests.m */; };
		96EA5F7D1B68839500D92DE0 /* MainViewController.m in Sources */ = {isa = PBXBuildFile; fileRef = 96EA5F7B1B68839500D92DE0 /* MainViewController.m */; };
		96EA5FB21B68A9D200D92DE0 /* MainViewController.xib in Resources */ = {isa = PBXBuildFile; fileRef = 96EA5FB41B68A9D200D92DE0 /* MainViewController.xib */; };
/* End PBXBuildFile section */

/* Begin PBXContainerItemProxy section */
		96EA5F6A1B68833200D92DE0 /* PBXContainerItemProxy */ = {
			isa = PBXContainerItemProxy;
			containerPortal = 96EA5F481B68833200D92DE0 /* Project object */;
			proxyType = 1;
			remoteGlobalIDString = 96EA5F4F1B68833200D92DE0;
			remoteInfo = ImageRotate;
		};
/* End PBXContainerItemProxy section */

/* Begin PBXFileReference section */
		968A3FD41B68B3A500452D80 /* en */ = {isa = PBXFileReference; lastKnownFileType = text.plist.strings; name = en; path = en.lproj/Localizable.strings; sourceTree = "<group>"; };
		968A3FD51B68B3A600452D80 /* zh-Hans */ = {isa = PBXFileReference; lastKnownFileType = text.plist.strings; name = "zh-Hans"; path = "zh-Hans.lproj/Localizable.strings"; sourceTree = "<group>"; };
		96D956871B68B4BC00EDB031 /* en */ = {isa = PBXFileReference; lastKnownFileType = text.plist.strings; name = en; path = en.lproj/InfoPlist.strings; sourceTree = "<group>"; };
		96D956891B68B4BD00EDB031 /* zh-Hans */ = {isa = PBXFileReference; lastKnownFileType = text.plist.strings; name = "zh-Hans"; path = "zh-Hans.lproj/InfoPlist.strings"; sourceTree = "<group>"; };
		96D9568A1B68B6FE00EDB031 /* Default-568h@2x.png */ = {isa = PBXFileReference; lastKnownFileType = image.png; path = "Default-568h@2x.png"; sourceTree = "<group>"; };
		96EA5F501B68833200D92DE0 /* ImageRotate.app */ = {isa = PBXFileReference; explicitFileType = wrapper.application; includeInIndex = 0; path = ImageRotate.app; sourceTree = BUILT_PRODUCTS_DIR; };
		96EA5F541B68833200D92DE0 /* Info.plist */ = {isa = PBXFileReference; lastKnownFileType = text.plist.xml; path = Info.plist; sourceTree = "<group>"; };
		96EA5F551B68833200D92DE0 /* main.m */ = {isa = PBXFileReference; lastKnownFileType = sourcecode.c.objc; path = main.m; sourceTree = "<group>"; };
		96EA5F571B68833200D92DE0 /* AppDelegate.h */ = {isa = PBXFileReference; lastKnownFileType = sourcecode.c.h; path = AppDelegate.h; sourceTree = "<group>"; };
		96EA5F581B68833200D92DE0 /* AppDelegate.m */ = {isa = PBXFileReference; lastKnownFileType = sourcecode.c.objc; path = AppDelegate.m; sourceTree = "<group>"; };
		96EA5F691B68833200D92DE0 /* ImageRotateTests.xctest */ = {isa = PBXFileReference; explicitFileType = wrapper.cfbundle; includeInIndex = 0; path = ImageRotateTests.xctest; sourceTree = BUILT_PRODUCTS_DIR; };
		96EA5F6E1B68833200D92DE0 /* Info.plist */ = {isa = PBXFileReference; lastKnownFileType = text.plist.xml; path = Info.plist; sourceTree = "<group>"; };
		96EA5F6F1B68833200D92DE0 /* ImageRotateTests.m */ = {isa = PBXFileReference; lastKnownFileType = sourcecode.c.objc; path = ImageRotateTests.m; sourceTree = "<group>"; };
		96EA5F7A1B68839500D92DE0 /* MainViewController.h */ = {isa = PBXFileReference; fileEncoding = 4; lastKnownFileType = sourcecode.c.h; path = MainViewController.h; sourceTree = "<group>"; };
		96EA5F7B1B68839500D92DE0 /* MainViewController.m */ = {isa = PBXFileReference; fileEncoding = 4; lastKnownFileType = sourcecode.c.objc; path = MainViewController.m; sourceTree = "<group>"; };
		96EA5FB31B68A9D200D92DE0 /* en */ = {isa = PBXFileReference; lastKnownFileType = file.xib; name = en; path = en.lproj/MainViewController.xib; sourceTree = "<group>"; };
		96EA5FB51B68A9E000D92DE0 /* zh-Hans */ = {isa = PBXFileReference; lastKnownFileType = file.xib; name = "zh-Hans"; path = "zh-Hans.lproj/MainViewController.xib"; sourceTree = "<group>"; };
/* End PBXFileReference section */

/* Begin PBXFrameworksBuildPhase section */
		96EA5F4D1B68833200D92DE0 /* Frameworks */ = {
			isa = PBXFrameworksBuildPhase;
			buildActionMask = 2147483647;
			files = (
			);
			runOnlyForDeploymentPostprocessing = 0;
		};
		96EA5F661B68833200D92DE0 /* Frameworks */ = {
			isa = PBXFrameworksBuildPhase;
			buildActionMask = 2147483647;
			files = (
			);
			runOnlyForDeploymentPostprocessing = 0;
		};
/* End PBXFrameworksBuildPhase section */

/* Begin PBXGroup section */
		96EA5F471B68833200D92DE0 = {
			isa = PBXGroup;
			children = (
				96D9568A1B68B6FE00EDB031 /* Default-568h@2x.png */,
				96EA5F521B68833200D92DE0 /* ImageRotate */,
				96EA5F6C1B68833200D92DE0 /* ImageRotateTests */,
				96EA5F511B68833200D92DE0 /* Products */,
			);
			sourceTree = "<group>";
		};
		96EA5F511B68833200D92DE0 /* Products */ = {
			isa = PBXGroup;
			children = (
				96EA5F501B68833200D92DE0 /* ImageRotate.app */,
				96EA5F691B68833200D92DE0 /* ImageRotateTests.xctest */,
			);
			name = Products;
			sourceTree = "<group>";
		};
		96EA5F521B68833200D92DE0 /* ImageRotate */ = {
			isa = PBXGroup;
			children = (
				96EA5F791B68839500D92DE0 /* ViewController */,
				96EA5F571B68833200D92DE0 /* AppDelegate.h */,
				96EA5F581B68833200D92DE0 /* AppDelegate.m */,
				96EA5F531B68833200D92DE0 /* Supporting Files */,
			);
			path = ImageRotate;
			sourceTree = "<group>";
		};
		96EA5F531B68833200D92DE0 /* Supporting Files */ = {
			isa = PBXGroup;
			children = (
				96EA5F541B68833200D92DE0 /* Info.plist */,
				96EA5F551B68833200D92DE0 /* main.m */,
				968A3FD31B68B3A300452D80 /* Localizable.strings */,
				96D956881B68B4BC00EDB031 /* InfoPlist.strings */,
			);
			name = "Supporting Files";
			sourceTree = "<group>";
		};
		96EA5F6C1B68833200D92DE0 /* ImageRotateTests */ = {
			isa = PBXGroup;
			children = (
				96EA5F6F1B68833200D92DE0 /* ImageRotateTests.m */,
				96EA5F6D1B68833200D92DE0 /* Supporting Files */,
			);
			path = ImageRotateTests;
			sourceTree = "<group>";
		};
		96EA5F6D1B68833200D92DE0 /* Supporting Files */ = {
			isa = PBXGroup;
			children = (
				96EA5F6E1B68833200D92DE0 /* Info.plist */,
			);
			name = "Supporting Files";
			sourceTree = "<group>";
		};
		96EA5F791B68839500D92DE0 /* ViewController */ = {
			isa = PBXGroup;
			children = (
				96EA5F7A1B68839500D92DE0 /* MainViewController.h */,
				96EA5F7B1B68839500D92DE0 /* MainViewController.m */,
				96EA5FB41B68A9D200D92DE0 /* MainViewController.xib */,
			);
			path = ViewController;
			sourceTree = "<group>";
		};
/* End PBXGroup section */

/* Begin PBXNativeTarget section */
		96EA5F4F1B68833200D92DE0 /* ImageRotate */ = {
			isa = PBXNativeTarget;
			buildConfigurationList = 96EA5F731B68833200D92DE0 /* Build configuration list for PBXNativeTarget "ImageRotate" */;
			buildPhases = (
				96EA5F4C1B68833200D92DE0 /* Sources */,
				96EA5F4D1B68833200D92DE0 /* Frameworks */,
				96EA5F4E1B68833200D92DE0 /* Resources */,
			);
			buildRules = (
			);
			dependencies = (
			);
			name = ImageRotate;
			productName = ImageRotate;
			productReference = 96EA5F501B68833200D92DE0 /* ImageRotate.app */;
			productType = "com.apple.product-type.application";
		};
		96EA5F681B68833200D92DE0 /* ImageRotateTests */ = {
			isa = PBXNativeTarget;
			buildConfigurationList = 96EA5F761B68833200D92DE0 /* Build configuration list for PBXNativeTarget "ImageRotateTests" */;
			buildPhases = (
				96EA5F651B68833200D92DE0 /* Sources */,
				96EA5F661B68833200D92DE0 /* Frameworks */,
				96EA5F671B68833200D92DE0 /* Resources */,
			);
			buildRules = (
			);
			dependencies = (
				96EA5F6B1B68833200D92DE0 /* PBXTargetDependency */,
			);
			name = ImageRotateTests;
			productName = ImageRotateTests;
			productReference = 96EA5F691B68833200D92DE0 /* ImageRotateTests.xctest */;
			productType = "com.apple.product-type.bundle.unit-test";
		};
/* End PBXNativeTarget section */

/* Begin PBXProject section */
		96EA5F481B68833200D92DE0 /* Project object */ = {
			isa = PBXProject;
			attributes = {
				LastUpgradeCheck = 0640;
				ORGANIZATIONNAME = zengqingfu;
				TargetAttributes = {
					96EA5F4F1B68833200D92DE0 = {
						CreatedOnToolsVersion = 6.4;
					};
					96EA5F681B68833200D92DE0 = {
						CreatedOnToolsVersion = 6.4;
						TestTargetID = 96EA5F4F1B68833200D92DE0;
					};
				};
			};
			buildConfigurationList = 96EA5F4B1B68833200D92DE0 /* Build configuration list for PBXProject "ImageRotate" */;
			compatibilityVersion = "Xcode 3.2";
			developmentRegion = English;
			hasScannedForEncodings = 0;
			knownRegions = (
				en,
				Base,
				"zh-Hans",
			);
			mainGroup = 96EA5F471B68833200D92DE0;
			productRefGroup = 96EA5F511B68833200D92DE0 /* Products */;
			projectDirPath = "";
			projectRoot = "";
			targets = (
				96EA5F4F1B68833200D92DE0 /* ImageRotate */,
				96EA5F681B68833200D92DE0 /* ImageRotateTests */,
			);
		};
/* End PBXProject section */

/* Begin PBXResourcesBuildPhase section */
		96EA5F4E1B68833200D92DE0 /* Resources */ = {
			isa = PBXResourcesBuildPhase;
			buildActionMask = 2147483647;
			files = (
				968A3FD11B68B3A300452D80 /* Localizable.strings in Resources */,
				96EA5FB21B68A9D200D92DE0 /* MainViewController.xib in Resources */,
				96D956861B68B4BC00EDB031 /* InfoPlist.strings in Resources */,
				96D9568B1B68B6FE00EDB031 /* Default-568h@2x.png in Resources */,
			);
			runOnlyForDeploymentPostprocessing = 0;
		};
		96EA5F671B68833200D92DE0 /* Resources */ = {
			isa = PBXResourcesBuildPhase;
			buildActionMask = 2147483647;
			files = (
			);
			runOnlyForDeploymentPostprocessing = 0;
		};
/* End PBXResourcesBuildPhase section */

/* Begin PBXSourcesBuildPhase section */
		96EA5F4C1B68833200D92DE0 /* Sources */ = {
			isa = PBXSourcesBuildPhase;
			buildActionMask = 2147483647;
			files = (
				96EA5F591B68833200D92DE0 /* AppDelegate.m in Sources */,
				96EA5F7D1B68839500D92DE0 /* MainViewController.m in Sources */,
				96EA5F561B68833200D92DE0 /* main.m in Sources */,
			);
			runOnlyForDeploymentPostprocessing = 0;
		};
		96EA5F651B68833200D92DE0 /* Sources */ = {
			isa = PBXSourcesBuildPhase;
			buildActionMask = 2147483647;
			files = (
				96EA5F701B68833200D92DE0 /* ImageRotateTests.m in Sources */,
			);
			runOnlyForDeploymentPostprocessing = 0;
		};
/* End PBXSourcesBuildPhase section */

/* Begin PBXTargetDependency section */
		96EA5F6B1B68833200D92DE0 /* PBXTargetDependency */ = {
			isa = PBXTargetDependency;
			target = 96EA5F4F1B68833200D92DE0 /* ImageRotate */;
			targetProxy = 96EA5F6A1B68833200D92DE0 /* PBXContainerItemProxy */;
		};
/* End PBXTargetDependency section */

/* Begin PBXVariantGroup section */
		968A3FD31B68B3A300452D80 /* Localizable.strings */ = {
			isa = PBXVariantGroup;
			children = (
				968A3FD41B68B3A500452D80 /* en */,
				968A3FD51B68B3A600452D80 /* zh-Hans */,
			);
			name = Localizable.strings;
			sourceTree = "<group>";
		};
		96D956881B68B4BC00EDB031 /* InfoPlist.strings */ = {
			isa = PBXVariantGroup;
			children = (
				96D956871B68B4BC00EDB031 /* en */,
				96D956891B68B4BD00EDB031 /* zh-Hans */,
			);
			name = InfoPlist.strings;
			sourceTree = "<group>";
		};
		96EA5FB41B68A9D200D92DE0 /* MainViewController.xib */ = {
			isa = PBXVariantGroup;
			children = (
				96EA5FB31B68A9D200D92DE0 /* en */,
				96EA5FB51B68A9E000D92DE0 /* zh-Hans */,
			);
			name = MainViewController.xib;
			sourceTree = "<group>";
		};
/* End PBXVariantGroup section */

/* Begin XCBuildConfiguration section */
		96EA5F711B68833200D92DE0 /* Debug */ = {
			isa = XCBuildConfiguration;
			buildSettings = {
				ALWAYS_SEARCH_USER_PATHS = NO;
				CLANG_CXX_LANGUAGE_STANDARD = "gnu++0x";
				CLANG_CXX_LIBRARY = "libc++";
				CLANG_ENABLE_MODULES = YES;
				CLANG_ENABLE_OBJC_ARC = YES;
				CLANG_WARN_BOOL_CONVERSION = YES;
				CLANG_WARN_CONSTANT_CONVERSION = YES;
				CLANG_WARN_DIRECT_OBJC_ISA_USAGE = YES_ERROR;
				CLANG_WARN_EMPTY_BODY = YES;
				CLANG_WARN_ENUM_CONVERSION = YES;
				CLANG_WARN_INT_CONVERSION = YES;
				CLANG_WARN_OBJC_ROOT_CLASS = YES_ERROR;
				CLANG_WARN_UNREACHABLE_CODE = YES;
				CLANG_WARN__DUPLICATE_METHOD_MATCH = YES;
				"CODE_SIGN_IDENTITY[sdk=iphoneos*]" = "iPhone Developer";
				COPY_PHASE_STRIP = NO;
				DEBUG_INFORMATION_FORMAT = "dwarf-with-dsym";
				ENABLE_STRICT_OBJC_MSGSEND = YES;
				GCC_C_LANGUAGE_STANDARD = gnu99;
				GCC_DYNAMIC_NO_PIC = NO;
				GCC_NO_COMMON_BLOCKS = YES;
				GCC_OPTIMIZATION_LEVEL = 0;
				GCC_PREPROCESSOR_DEFINITIONS = (
					"DEBUG=1",
					"$(inherited)",
				);
				GCC_SYMBOLS_PRIVATE_EXTERN = NO;
				GCC_WARN_64_TO_32_BIT_CONVERSION = YES;
				GCC_WARN_ABOUT_RETURN_TYPE = YES_ERROR;
				GCC_WARN_UNDECLARED_SELECTOR = YES;
				GCC_WARN_UNINITIALIZED_AUTOS = YES_AGGRESSIVE;
				GCC_WARN_UNUSED_FUNCTION = YES;
				GCC_WARN_UNUSED_VARIABLE = YES;
				IPHONEOS_DEPLOYMENT_TARGET = 8.4;
				MTL_ENABLE_DEBUG_INFO = YES;
				ONLY_ACTIVE_ARCH = YES;
				SDKROOT = iphoneos;
			};
			name = Debug;
		};
		96EA5F721B68833200D92DE0 /* Release */ = {
			isa = XCBuildConfiguration;
			buildSettings = {
				ALWAYS_SEARCH_USER_PATHS = NO;
				CLANG_CXX_LANGUAGE_STANDARD = "gnu++0x";
				CLANG_CXX_LIBRARY = "libc++";
				CLANG_ENABLE_MODULES = YES;
				CLANG_ENABLE_OBJC_ARC = YES;
				CLANG_WARN_BOOL_CONVERSION = YES;
				CLANG_WARN_CONSTANT_CONVERSION = YES;
				CLANG_WARN_DIRECT_OBJC_ISA_USAGE = YES_ERROR;
				CLANG_WARN_EMPTY_BODY = YES;
				CLANG_WARN_ENUM_CONVERSION = YES;
				CLANG_WARN_INT_CONVERSION = YES;
				CLANG_WARN_OBJC_ROOT_CLASS = YES_ERROR;
				CLANG_WARN_UNREACHABLE_CODE = YES;
				CLANG_WARN__DUPLICATE_METHOD_MATCH = YES;
				"CODE_SIGN_IDENTITY[sdk=iphoneos*]" = "iPhone Developer";
				COPY_PHASE_STRIP = NO;
				DEBUG_INFORMATION_FORMAT = "dwarf-with-dsym";
				ENABLE_NS_ASSERTIONS = NO;
				ENABLE_STRICT_OBJC_MSGSEND = YES;
				GCC_C_LANGUAGE_STANDARD = gnu99;
				GCC_NO_COMMON_BLOCKS = YES;
				GCC_WARN_64_TO_32_BIT_CONVERSION = YES;
				GCC_WARN_ABOUT_RETURN_TYPE = YES_ERROR;
				GCC_WARN_UNDECLARED_SELECTOR = YES;
				GCC_WARN_UNINITIALIZED_AUTOS = YES_AGGRESSIVE;
				GCC_WARN_UNUSED_FUNCTION = YES;
				GCC_WARN_UNUSED_VARIABLE = YES;
				IPHONEOS_DEPLOYMENT_TARGET = 8.4;
				MTL_ENABLE_DEBUG_INFO = NO;
				SDKROOT = iphoneos;
				VALIDATE_PRODUCT = YES;
			};
			name = Release;
		};
		96EA5F741B68833200D92DE0 /* Debug */ = {
			isa = XCBuildConfiguration;
			buildSettings = {
				ASSETCATALOG_COMPILER_APPICON_NAME = AppIcon;
				CODE_SIGN_IDENTITY = "iPhone Distribution";
				INFOPLIST_FILE = ImageRotate/Info.plist;
				LD_RUNPATH_SEARCH_PATHS = "$(inherited) @executable_path/Frameworks";
				PRODUCT_NAME = "$(TARGET_NAME)";
				PROVISIONING_PROFILE = "";
			};
			name = Debug;
		};
		96EA5F751B68833200D92DE0 /* Release */ = {
			isa = XCBuildConfiguration;
			buildSettings = {
				ASSETCATALOG_COMPILER_APPICON_NAME = AppIcon;
				CODE_SIGN_IDENTITY = "iPhone Distribution";
				INFOPLIST_FILE = ImageRotate/Info.plist;
				LD_RUNPATH_SEARCH_PATHS = "$(inherited) @executable_path/Frameworks";
				PRODUCT_NAME = "$(TARGET_NAME)";
				PROVISIONING_PROFILE = "";
			};
			name = Release;
		};
		96EA5F771B68833200D92DE0 /* Debug */ = {
			isa = XCBuildConfiguration;
			buildSettings = {
				BUNDLE_LOADER = "$(TEST_HOST)";
				FRAMEWORK_SEARCH_PATHS = (
					"$(SDKROOT)/Developer/Library/Frameworks",
					"$(inherited)",
				);
				GCC_PREPROCESSOR_DEFINITIONS = (
					"DEBUG=1",
					"$(inherited)",
				);
				INFOPLIST_FILE = ImageRotateTests/Info.plist;
				LD_RUNPATH_SEARCH_PATHS = "$(inherited) @executable_path/Frameworks @loader_path/Frameworks";
				PRODUCT_NAME = "$(TARGET_NAME)";
				TEST_HOST = "$(BUILT_PRODUCTS_DIR)/ImageRotate.app/ImageRotate";
			};
			name = Debug;
		};
		96EA5F781B68833200D92DE0 /* Release */ = {
			isa = XCBuildConfiguration;
			buildSettings = {
				BUNDLE_LOADER = "$(TEST_HOST)";
				FRAMEWORK_SEARCH_PATHS = (
					"$(SDKROOT)/Developer/Library/Frameworks",
					"$(inherited)",
				);
				INFOPLIST_FILE = ImageRotateTests/Info.plist;
				LD_RUNPATH_SEARCH_PATHS = "$(inherited) @executable_path/Frameworks @loader_path/Frameworks";
				PRODUCT_NAME = "$(TARGET_NAME)";
				TEST_HOST = "$(BUILT_PRODUCTS_DIR)/ImageRotate.app/ImageRotate";
			};
			name = Release;
		};
/* End XCBuildConfiguration section */

/* Begin XCConfigurationList section */
		96EA5F4B1B68833200D92DE0 /* Build configuration list for PBXProject "ImageRotate" */ = {
			isa = XCConfigurationList;
			buildConfigurations = (
				96EA5F711B68833200D92DE0 /* Debug */,
				96EA5F721B68833200D92DE0 /* Release */,
			);
			defaultConfigurationIsVisible = 0;
			defaultConfigurationName = Release;
		};
		96EA5F731B68833200D92DE0 /* Build configuration list for PBXNativeTarget "ImageRotate" */ = {
			isa = XCConfigurationList;
			buildConfigurations = (
				96EA5F741B68833200D92DE0 /* Debug */,
				96EA5F751B68833200D92DE0 /* Release */,
			);
			defaultConfigurationIsVisible = 0;
			defaultConfigurationName = Release;
		};
		96EA5F761B68833200D92DE0 /* Build configuration list for PBXNativeTarget "ImageRotateTests" */ = {
			isa = XCConfigurationList;
			buildConfigurations = (
				96EA5F771B68833200D92DE0 /* Debug */,
				96EA5F781B68833200D92DE0 /* Release */,
			);
			defaultConfigurationIsVisible = 0;
			defaultConfigurationName = Release;
		};
/* End XCConfigurationList section */
	};
	rootObject = 96EA5F481B68833200D92DE0 /* Project object */;
}
