// !$*UTF8*$!
{
	archiveVersion = 1;
	classes = {
	};
	objectVersion = 46;
	objects = {

/* Begin PBXBuildFile section */
		962189EF1B67955500388FF9 /* main.m in Sources */ = {isa = PBXBuildFile; fileRef = 962189EE1B67955500388FF9 /* main.m */; };
		962189F21B67955500388FF9 /* AppDelegate.m in Sources */ = {isa = PBXBuildFile; fileRef = 962189F11B67955500388FF9 /* AppDelegate.m */; };
		962189FA1B67955500388FF9 /* Images.xcassets in Resources */ = {isa = PBXBuildFile; fileRef = 962189F91B67955500388FF9 /* Images.xcassets */; };
		962189FD1B67955500388FF9 /* LaunchScreen.xib in Resources */ = {isa = PBXBuildFile; fileRef = 962189FB1B67955500388FF9 /* LaunchScreen.xib */; };
		96218A091B67955500388FF9 /* ImageRotateTests.m in Sources */ = {isa = PBXBuildFile; fileRef = 96218A081B67955500388FF9 /* ImageRotateTests.m */; };
		96218A171B6795CF00388FF9 /* MainViewController.m in Sources */ = {isa = PBXBuildFile; fileRef = 96218A151B6795CF00388FF9 /* MainViewController.m */; };
		96218A181B6795CF00388FF9 /* MainViewController.xib in Resources */ = {isa = PBXBuildFile; fileRef = 96218A161B6795CF00388FF9 /* MainViewController.xib */; };
/* End PBXBuildFile section */

/* Begin PBXContainerItemProxy section */
		96218A031B67955500388FF9 /* PBXContainerItemProxy */ = {
			isa = PBXContainerItemProxy;
			containerPortal = 962189E11B67955500388FF9 /* Project object */;
			proxyType = 1;
			remoteGlobalIDString = 962189E81B67955500388FF9;
			remoteInfo = ImageRotate;
		};
/* End PBXContainerItemProxy section */

/* Begin PBXFileReference section */
		962189E91B67955500388FF9 /* ImageRotate.app */ = {isa = PBXFileReference; explicitFileType = wrapper.application; includeInIndex = 0; path = ImageRotate.app; sourceTree = BUILT_PRODUCTS_DIR; };
		962189ED1B67955500388FF9 /* Info.plist */ = {isa = PBXFileReference; lastKnownFileType = text.plist.xml; path = Info.plist; sourceTree = "<group>"; };
		962189EE1B67955500388FF9 /* main.m */ = {isa = PBXFileReference; lastKnownFileType = sourcecode.c.objc; path = main.m; sourceTree = "<group>"; };
		962189F01B67955500388FF9 /* AppDelegate.h */ = {isa = PBXFileReference; lastKnownFileType = sourcecode.c.h; path = AppDelegate.h; sourceTree = "<group>"; };
		962189F11B67955500388FF9 /* AppDelegate.m */ = {isa = PBXFileReference; lastKnownFileType = sourcecode.c.objc; path = AppDelegate.m; sourceTree = "<group>"; };
		962189F91B67955500388FF9 /* Images.xcassets */ = {isa = PBXFileReference; lastKnownFileType = folder.assetcatalog; path = Images.xcassets; sourceTree = "<group>"; };
		962189FC1B67955500388FF9 /* Base */ = {isa = PBXFileReference; lastKnownFileType = file.xib; name = Base; path = Base.lproj/LaunchScreen.xib; sourceTree = "<group>"; };
		96218A021B67955500388FF9 /* ImageRotateTests.xctest */ = {isa = PBXFileReference; explicitFileType = wrapper.cfbundle; includeInIndex = 0; path = ImageRotateTests.xctest; sourceTree = BUILT_PRODUCTS_DIR; };
		96218A071B67955500388FF9 /* Info.plist */ = {isa = PBXFileReference; lastKnownFileType = text.plist.xml; path = Info.plist; sourceTree = "<group>"; };
		96218A081B67955500388FF9 /* ImageRotateTests.m */ = {isa = PBXFileReference; lastKnownFileType = sourcecode.c.objc; path = ImageRotateTests.m; sourceTree = "<group>"; };
		96218A141B6795CF00388FF9 /* MainViewController.h */ = {isa = PBXFileReference; fileEncoding = 4; lastKnownFileType = sourcecode.c.h; path = MainViewController.h; sourceTree = "<group>"; };
		96218A151B6795CF00388FF9 /* MainViewController.m */ = {isa = PBXFileReference; fileEncoding = 4; lastKnownFileType = sourcecode.c.objc; path = MainViewController.m; sourceTree = "<group>"; };
		96218A161B6795CF00388FF9 /* MainViewController.xib */ = {isa = PBXFileReference; fileEncoding = 4; lastKnownFileType = file.xib; path = MainViewController.xib; sourceTree = "<group>"; };
/* End PBXFileReference section */

/* Begin PBXFrameworksBuildPhase section */
		962189E61B67955500388FF9 /* Frameworks */ = {
			isa = PBXFrameworksBuildPhase;
			buildActionMask = 2147483647;
			files = (
			);
			runOnlyForDeploymentPostprocessing = 0;
		};
		962189FF1B67955500388FF9 /* Frameworks */ = {
			isa = PBXFrameworksBuildPhase;
			buildActionMask = 2147483647;
			files = (
			);
			runOnlyForDeploymentPostprocessing = 0;
		};
/* End PBXFrameworksBuildPhase section */

/* Begin PBXGroup section */
		962189E01B67955500388FF9 = {
			isa = PBXGroup;
			children = (
				962189EB1B67955500388FF9 /* ImageRotate */,
				96218A051B67955500388FF9 /* ImageRotateTests */,
				962189EA1B67955500388FF9 /* Products */,
			);
			sourceTree = "<group>";
		};
		962189EA1B67955500388FF9 /* Products */ = {
			isa = PBXGroup;
			children = (
				962189E91B67955500388FF9 /* ImageRotate.app */,
				96218A021B67955500388FF9 /* ImageRotateTests.xctest */,
			);
			name = Products;
			sourceTree = "<group>";
		};
		962189EB1B67955500388FF9 /* ImageRotate */ = {
			isa = PBXGroup;
			children = (
				96218A131B6795B400388FF9 /* ViewController */,
				962189F01B67955500388FF9 /* AppDelegate.h */,
				962189F11B67955500388FF9 /* AppDelegate.m */,
				962189F91B67955500388FF9 /* Images.xcassets */,
				962189FB1B67955500388FF9 /* LaunchScreen.xib */,
				962189EC1B67955500388FF9 /* Supporting Files */,
			);
			path = ImageRotate;
			sourceTree = "<group>";
		};
		962189EC1B67955500388FF9 /* Supporting Files */ = {
			isa = PBXGroup;
			children = (
				962189ED1B67955500388FF9 /* Info.plist */,
				962189EE1B67955500388FF9 /* main.m */,
			);
			name = "Supporting Files";
			sourceTree = "<group>";
		};
		96218A051B67955500388FF9 /* ImageRotateTests */ = {
			isa = PBXGroup;
			children = (
				96218A081B67955500388FF9 /* ImageRotateTests.m */,
				96218A061B67955500388FF9 /* Supporting Files */,
			);
			path = ImageRotateTests;
			sourceTree = "<group>";
		};
		96218A061B67955500388FF9 /* Supporting Files */ = {
			isa = PBXGroup;
			children = (
				96218A071B67955500388FF9 /* Info.plist */,
			);
			name = "Supporting Files";
			sourceTree = "<group>";
		};
		96218A131B6795B400388FF9 /* ViewController */ = {
			isa = PBXGroup;
			children = (
				96218A141B6795CF00388FF9 /* MainViewController.h */,
				96218A151B6795CF00388FF9 /* MainViewController.m */,
				96218A161B6795CF00388FF9 /* MainViewController.xib */,
			);
			path = ViewController;
			sourceTree = "<group>";
		};
/* End PBXGroup section */

/* Begin PBXNativeTarget section */
		962189E81B67955500388FF9 /* ImageRotate */ = {
			isa = PBXNativeTarget;
			buildConfigurationList = 96218A0C1B67955500388FF9 /* Build configuration list for PBXNativeTarget "ImageRotate" */;
			buildPhases = (
				962189E51B67955500388FF9 /* Sources */,
				962189E61B67955500388FF9 /* Frameworks */,
				962189E71B67955500388FF9 /* Resources */,
			);
			buildRules = (
			);
			dependencies = (
			);
			name = ImageRotate;
			productName = ImageRotate;
			productReference = 962189E91B67955500388FF9 /* ImageRotate.app */;
			productType = "com.apple.product-type.application";
		};
		96218A011B67955500388FF9 /* ImageRotateTests */ = {
			isa = PBXNativeTarget;
			buildConfigurationList = 96218A0F1B67955500388FF9 /* Build configuration list for PBXNativeTarget "ImageRotateTests" */;
			buildPhases = (
				962189FE1B67955500388FF9 /* Sources */,
				962189FF1B67955500388FF9 /* Frameworks */,
				96218A001B67955500388FF9 /* Resources */,
			);
			buildRules = (
			);
			dependencies = (
				96218A041B67955500388FF9 /* PBXTargetDependency */,
			);
			name = ImageRotateTests;
			productName = ImageRotateTests;
			productReference = 96218A021B67955500388FF9 /* ImageRotateTests.xctest */;
			productType = "com.apple.product-type.bundle.unit-test";
		};
/* End PBXNativeTarget section */

/* Begin PBXProject section */
		962189E11B67955500388FF9 /* Project object */ = {
			isa = PBXProject;
			attributes = {
				LastUpgradeCheck = 0640;
				ORGANIZATIONNAME = zengqingfu;
				TargetAttributes = {
					962189E81B67955500388FF9 = {
						CreatedOnToolsVersion = 6.4;
					};
					96218A011B67955500388FF9 = {
						CreatedOnToolsVersion = 6.4;
						TestTargetID = 962189E81B67955500388FF9;
					};
				};
			};
			buildConfigurationList = 962189E41B67955500388FF9 /* Build configuration list for PBXProject "ImageRotate" */;
			compatibilityVersion = "Xcode 3.2";
			developmentRegion = English;
			hasScannedForEncodings = 0;
			knownRegions = (
				en,
				Base,
			);
			mainGroup = 962189E01B67955500388FF9;
			productRefGroup = 962189EA1B67955500388FF9 /* Products */;
			projectDirPath = "";
			projectRoot = "";
			targets = (
				962189E81B67955500388FF9 /* ImageRotate */,
				96218A011B67955500388FF9 /* ImageRotateTests */,
			);
		};
/* End PBXProject section */

/* Begin PBXResourcesBuildPhase section */
		962189E71B67955500388FF9 /* Resources */ = {
			isa = PBXResourcesBuildPhase;
			buildActionMask = 2147483647;
			files = (
				962189FD1B67955500388FF9 /* LaunchScreen.xib in Resources */,
				96218A181B6795CF00388FF9 /* MainViewController.xib in Resources */,
				962189FA1B67955500388FF9 /* Images.xcassets in Resources */,
			);
			runOnlyForDeploymentPostprocessing = 0;
		};
		96218A001B67955500388FF9 /* Resources */ = {
			isa = PBXResourcesBuildPhase;
			buildActionMask = 2147483647;
			files = (
			);
			runOnlyForDeploymentPostprocessing = 0;
		};
/* End PBXResourcesBuildPhase section */

/* Begin PBXSourcesBuildPhase section */
		962189E51B67955500388FF9 /* Sources */ = {
			isa = PBXSourcesBuildPhase;
			buildActionMask = 2147483647;
			files = (
				962189F21B67955500388FF9 /* AppDelegate.m in Sources */,
				96218A171B6795CF00388FF9 /* MainViewController.m in Sources */,
				962189EF1B67955500388FF9 /* main.m in Sources */,
			);
			runOnlyForDeploymentPostprocessing = 0;
		};
		962189FE1B67955500388FF9 /* Sources */ = {
			isa = PBXSourcesBuildPhase;
			buildActionMask = 2147483647;
			files = (
				96218A091B67955500388FF9 /* ImageRotateTests.m in Sources */,
			);
			runOnlyForDeploymentPostprocessing = 0;
		};
/* End PBXSourcesBuildPhase section */

/* Begin PBXTargetDependency section */
		96218A041B67955500388FF9 /* PBXTargetDependency */ = {
			isa = PBXTargetDependency;
			target = 962189E81B67955500388FF9 /* ImageRotate */;
			targetProxy = 96218A031B67955500388FF9 /* PBXContainerItemProxy */;
		};
/* End PBXTargetDependency section */

/* Begin PBXVariantGroup section */
		962189FB1B67955500388FF9 /* LaunchScreen.xib */ = {
			isa = PBXVariantGroup;
			children = (
				962189FC1B67955500388FF9 /* Base */,
			);
			name = LaunchScreen.xib;
			sourceTree = "<group>";
		};
/* End PBXVariantGroup section */

/* Begin XCBuildConfiguration section */
		96218A0A1B67955500388FF9 /* Debug */ = {
			isa = XCBuildConfiguration;
			buildSettings = {
				ALWAYS_SEARCH_USER_PATHS = NO;
				CLANG_CXX_LANGUAGE_STANDARD = "gnu++0x";
				CLANG_CXX_LIBRARY = "libc++";
				CLANG_ENABLE_MODULES = YES;
				CLANG_ENABLE_OBJC_ARC = YES;
				CLANG_WARN_BOOL_CONVERSION = YES;
				CLANG_WARN_CONSTANT_CONVERSION = YES;
				CLANG_WARN_DIRECT_OBJC_ISA_USAGE = YES_ERROR;
				CLANG_WARN_EMPTY_BODY = YES;
				CLANG_WARN_ENUM_CONVERSION = YES;
				CLANG_WARN_INT_CONVERSION = YES;
				CLANG_WARN_OBJC_ROOT_CLASS = YES_ERROR;
				CLANG_WARN_UNREACHABLE_CODE = YES;
				CLANG_WARN__DUPLICATE_METHOD_MATCH = YES;
				"CODE_SIGN_IDENTITY[sdk=iphoneos*]" = "iPhone Developer";
				COPY_PHASE_STRIP = NO;
				DEBUG_INFORMATION_FORMAT = "dwarf-with-dsym";
				ENABLE_STRICT_OBJC_MSGSEND = YES;
				GCC_C_LANGUAGE_STANDARD = gnu99;
				GCC_DYNAMIC_NO_PIC = NO;
				GCC_NO_COMMON_BLOCKS = YES;
				GCC_OPTIMIZATION_LEVEL = 0;
				GCC_PREPROCESSOR_DEFINITIONS = (
					"DEBUG=1",
					"$(inherited)",
				);
				GCC_SYMBOLS_PRIVATE_EXTERN = NO;
				GCC_WARN_64_TO_32_BIT_CONVERSION = YES;
				GCC_WARN_ABOUT_RETURN_TYPE = YES_ERROR;
				GCC_WARN_UNDECLARED_SELECTOR = YES;
				GCC_WARN_UNINITIALIZED_AUTOS = YES_AGGRESSIVE;
				GCC_WARN_UNUSED_FUNCTION = YES;
				GCC_WARN_UNUSED_VARIABLE = YES;
				IPHONEOS_DEPLOYMENT_TARGET = 8.4;
				MTL_ENABLE_DEBUG_INFO = YES;
				ONLY_ACTIVE_ARCH = YES;
				SDKROOT = iphoneos;
			};
			name = Debug;
		};
		96218A0B1B67955500388FF9 /* Release */ = {
			isa = XCBuildConfiguration;
			buildSettings = {
				ALWAYS_SEARCH_USER_PATHS = NO;
				CLANG_CXX_LANGUAGE_STANDARD = "gnu++0x";
				CLANG_CXX_LIBRARY = "libc++";
				CLANG_ENABLE_MODULES = YES;
				CLANG_ENABLE_OBJC_ARC = YES;
				CLANG_WARN_BOOL_CONVERSION = YES;
				CLANG_WARN_CONSTANT_CONVERSION = YES;
				CLANG_WARN_DIRECT_OBJC_ISA_USAGE = YES_ERROR;
				CLANG_WARN_EMPTY_BODY = YES;
				CLANG_WARN_ENUM_CONVERSION = YES;
				CLANG_WARN_INT_CONVERSION = YES;
				CLANG_WARN_OBJC_ROOT_CLASS = YES_ERROR;
				CLANG_WARN_UNREACHABLE_CODE = YES;
				CLANG_WARN__DUPLICATE_METHOD_MATCH = YES;
				"CODE_SIGN_IDENTITY[sdk=iphoneos*]" = "iPhone Developer";
				COPY_PHASE_STRIP = NO;
				DEBUG_INFORMATION_FORMAT = "dwarf-with-dsym";
				ENABLE_NS_ASSERTIONS = NO;
				ENABLE_STRICT_OBJC_MSGSEND = YES;
				GCC_C_LANGUAGE_STANDARD = gnu99;
				GCC_NO_COMMON_BLOCKS = YES;
				GCC_WARN_64_TO_32_BIT_CONVERSION = YES;
				GCC_WARN_ABOUT_RETURN_TYPE = YES_ERROR;
				GCC_WARN_UNDECLARED_SELECTOR = YES;
				GCC_WARN_UNINITIALIZED_AUTOS = YES_AGGRESSIVE;
				GCC_WARN_UNUSED_FUNCTION = YES;
				GCC_WARN_UNUSED_VARIABLE = YES;
				IPHONEOS_DEPLOYMENT_TARGET = 8.4;
				MTL_ENABLE_DEBUG_INFO = NO;
				SDKROOT = iphoneos;
				VALIDATE_PRODUCT = YES;
			};
			name = Release;
		};
		96218A0D1B67955500388FF9 /* Debug */ = {
			isa = XCBuildConfiguration;
			buildSettings = {
				ASSETCATALOG_COMPILER_APPICON_NAME = AppIcon;
				INFOPLIST_FILE = ImageRotate/Info.plist;
				LD_RUNPATH_SEARCH_PATHS = "$(inherited) @executable_path/Frameworks";
				PRODUCT_NAME = "$(TARGET_NAME)";
			};
			name = Debug;
		};
		96218A0E1B67955500388FF9 /* Release */ = {
			isa = XCBuildConfiguration;
			buildSettings = {
				ASSETCATALOG_COMPILER_APPICON_NAME = AppIcon;
				INFOPLIST_FILE = ImageRotate/Info.plist;
				LD_RUNPATH_SEARCH_PATHS = "$(inherited) @executable_path/Frameworks";
				PRODUCT_NAME = "$(TARGET_NAME)";
			};
			name = Release;
		};
		96218A101B67955500388FF9 /* Debug */ = {
			isa = XCBuildConfiguration;
			buildSettings = {
				BUNDLE_LOADER = "$(TEST_HOST)";
				FRAMEWORK_SEARCH_PATHS = (
					"$(SDKROOT)/Developer/Library/Frameworks",
					"$(inherited)",
				);
				GCC_PREPROCESSOR_DEFINITIONS = (
					"DEBUG=1",
					"$(inherited)",
				);
				INFOPLIST_FILE = ImageRotateTests/Info.plist;
				LD_RUNPATH_SEARCH_PATHS = "$(inherited) @executable_path/Frameworks @loader_path/Frameworks";
				PRODUCT_NAME = "$(TARGET_NAME)";
				TEST_HOST = "$(BUILT_PRODUCTS_DIR)/ImageRotate.app/ImageRotate";
			};
			name = Debug;
		};
		96218A111B67955500388FF9 /* Release */ = {
			isa = XCBuildConfiguration;
			buildSettings = {
				BUNDLE_LOADER = "$(TEST_HOST)";
				FRAMEWORK_SEARCH_PATHS = (
					"$(SDKROOT)/Developer/Library/Frameworks",
					"$(inherited)",
				);
				INFOPLIST_FILE = ImageRotateTests/Info.plist;
				LD_RUNPATH_SEARCH_PATHS = "$(inherited) @executable_path/Frameworks @loader_path/Frameworks";
				PRODUCT_NAME = "$(TARGET_NAME)";
				TEST_HOST = "$(BUILT_PRODUCTS_DIR)/ImageRotate.app/ImageRotate";
			};
			name = Release;
		};
/* End XCBuildConfiguration section */

/* Begin XCConfigurationList section */
		962189E41B67955500388FF9 /* Build configuration list for PBXProject "ImageRotate" */ = {
			isa = XCConfigurationList;
			buildConfigurations = (
				96218A0A1B67955500388FF9 /* Debug */,
				96218A0B1B67955500388FF9 /* Release */,
			);
			defaultConfigurationIsVisible = 0;
			defaultConfigurationName = Release;
		};
		96218A0C1B67955500388FF9 /* Build configuration list for PBXNativeTarget "ImageRotate" */ = {
			isa = XCConfigurationList;
			buildConfigurations = (
				96218A0D1B67955500388FF9 /* Debug */,
				96218A0E1B67955500388FF9 /* Release */,
			);
			defaultConfigurationIsVisible = 0;
		};
		96218A0F1B67955500388FF9 /* Build configuration list for PBXNativeTarget "ImageRotateTests" */ = {
			isa = XCConfigurationList;
			buildConfigurations = (
				96218A101B67955500388FF9 /* Debug */,
				96218A111B67955500388FF9 /* Release */,
			);
			defaultConfigurationIsVisible = 0;
		};
/* End XCConfigurationList section */
	};
	rootObject = 962189E11B67955500388FF9 /* Project object */;
}
